
Microsoft Visual Studio Solution File, Format Version 12.00
# Visual Studio Version 17
VisualStudioVersion = 17.0.31903.59
MinimumVisualStudioVersion = 10.0.40219.1
Project("{FAE04EC0-301F-11D3-BF4B-00C04F79EFBC}") = "WindowsPresentationIdentitySample", "src\WindowsPresentationIdentitySample\WindowsPresentationIdentitySample.csproj", "{5553D9EF-2D79-47E6-A747-28181F8EBAE7}"
EndProject
Project("{FAE04EC0-301F-11D3-BF4B-00C04F79EFBC}") = "WindowsPresentationIdentitySample.BusinessLayer", "src\WindowsPresentationIdentitySample.BusinessLayer\WindowsPresentationIdentitySample.BusinessLayer.csproj", "{32F1F000-BA96-4082-8322-14CAD553A014}"
EndProject
Project("{FAE04EC0-301F-11D3-BF4B-00C04F79EFBC}") = "WindowsPresentationIdentitySample.Shared", "src\WindowsPresentationIdentitySample.Shared\WindowsPresentationIdentitySample.Shared.csproj", "{0956D900-7B6C-4896-8E19-667B65117F61}"
EndProject
Global
	GlobalSection(SolutionConfigurationPlatforms) = preSolution
		Debug|Any CPU = Debug|Any CPU
		Release|Any CPU = Release|Any CPU
	EndGlobalSection
	GlobalSection(ProjectConfigurationPlatforms) = postSolution
		{5553D9EF-2D79-47E6-A747-28181F8EBAE7}.Debug|Any CPU.ActiveCfg = Debug|Any CPU
		{5553D9EF-2D79-47E6-A747-28181F8EBAE7}.Debug|Any CPU.Build.0 = Debug|Any CPU
		{5553D9EF-2D79-47E6-A747-28181F8EBAE7}.Release|Any CPU.ActiveCfg = Release|Any CPU
		{5553D9EF-2D79-47E6-A747-28181F8EBAE7}.Release|Any CPU.Build.0 = Release|Any CPU
		{32F1F000-BA96-4082-8322-14CAD553A014}.Debug|Any CPU.ActiveCfg = Debug|Any CPU
		{32F1F000-BA96-4082-8322-14CAD553A014}.Debug|Any CPU.Build.0 = Debug|Any CPU
		{32F1F000-BA96-4082-8322-14CAD553A014}.Release|Any CPU.ActiveCfg = Release|Any CPU
		{32F1F000-BA96-4082-8322-14CAD553A014}.Release|Any CPU.Build.0 = Release|Any CPU
		{0956D900-7B6C-4896-8E19-667B65117F61}.Debug|Any CPU.ActiveCfg = Debug|Any CPU
		{0956D900-7B6C-4896-8E19-667B65117F61}.Debug|Any CPU.Build.0 = Debug|Any CPU
		{0956D900-7B6C-4896-8E19-667B65117F61}.Release|Any CPU.ActiveCfg = Release|Any CPU
		{0956D900-7B6C-4896-8E19-667B65117F61}.Release|Any CPU.Build.0 = Release|Any CPU
	EndGlobalSection
	GlobalSection(SolutionProperties) = preSolution
		HideSolutionNode = FALSE
	EndGlobalSection
	GlobalSection(ExtensibilityGlobals) = postSolution
		SolutionGuid = {620661B6-2EEE-4C3B-B1C1-3E852B674C71}
	EndGlobalSection
EndGlobal
